
Microsoft Visual Studio Solution File, Format Version 12.00
# Visual Studio Version 17
VisualStudioVersion = 17.0.31903.59
MinimumVisualStudioVersion = 10.0.40219.1
Project("{FAE04EC0-301F-11D3-BF4B-00C04F79EFBC}") = "project-green-general.Api", "project-green-general.Api\project-green-general.Api.csproj", "{B0358DD2-B615-49C1-9EBC-181983805928}"
EndProject
Project("{FAE04EC0-301F-11D3-BF4B-00C04F79EFBC}") = "project-green-general.Domain", "project-green-general.Domain\project-green-general.Domain.csproj", "{DDAEBAFF-1247-40FF-94B7-92E760260CF5}"
EndProject
Global
	GlobalSection(SolutionConfigurationPlatforms) = preSolution
		Debug|Any CPU = Debug|Any CPU
		Release|Any CPU = Release|Any CPU
	EndGlobalSection
	GlobalSection(SolutionProperties) = preSolution
		HideSolutionNode = FALSE
	EndGlobalSection
	GlobalSection(ProjectConfigurationPlatforms) = postSolution
		{B0358DD2-B615-49C1-9EBC-181983805928}.Debug|Any CPU.ActiveCfg = Debug|Any CPU
		{B0358DD2-B615-49C1-9EBC-181983805928}.Debug|Any CPU.Build.0 = Debug|Any CPU
		{B0358DD2-B615-49C1-9EBC-181983805928}.Release|Any CPU.ActiveCfg = Release|Any CPU
		{B0358DD2-B615-49C1-9EBC-181983805928}.Release|Any CPU.Build.0 = Release|Any CPU
		{DDAEBAFF-1247-40FF-94B7-92E760260CF5}.Debug|Any CPU.ActiveCfg = Debug|Any CPU
		{DDAEBAFF-1247-40FF-94B7-92E760260CF5}.Debug|Any CPU.Build.0 = Debug|Any CPU
		{DDAEBAFF-1247-40FF-94B7-92E760260CF5}.Release|Any CPU.ActiveCfg = Release|Any CPU
		{DDAEBAFF-1247-40FF-94B7-92E760260CF5}.Release|Any CPU.Build.0 = Release|Any CPU
	EndGlobalSection
EndGlobal
